
Microsoft Visual Studio Solution File, Format Version 12.00
# Visual Studio Version 17
VisualStudioVersion = 17.0.32112.339
MinimumVisualStudioVersion = 10.0.40219.1
Project("{9A19103F-16F7-4668-BE54-9A1E7A4F7556}") = "ProductionScheduler.Api", "MachineReservations\ProductionScheduler.Api.csproj", "{5E530FD5-4B65-4704-BE49-8DF97450E773}"
	ProjectSection(ProjectDependencies) = postProject
		{7D21DDFE-59A0-431C-B485-EB000F2D9ABA} = {7D21DDFE-59A0-431C-B485-EB000F2D9ABA}
	EndProjectSection
EndProject
Project("{2150E333-8FDC-42A3-9474-1A3956D46DE8}") = "Solution Items", "Solution Items", "{85528042-D0B0-40A0-8EA8-74CF13F9C4EA}"
	ProjectSection(SolutionItems) = preProject
		Notes.txt = Notes.txt
	EndProjectSection
EndProject
Project("{9A19103F-16F7-4668-BE54-9A1E7A4F7556}") = "MachineReservations.Tests.Unit", "MachineReservations.Tests.Unit\MachineReservations.Tests.Unit.csproj", "{CB962EDE-CE19-4814-8D6E-3B63E2018A01}"
EndProject
Project("{2150E333-8FDC-42A3-9474-1A3956D46DE8}") = "src", "src", "{30BD8D44-EDC9-4005-9689-185226DEE510}"
EndProject
Project("{2150E333-8FDC-42A3-9474-1A3956D46DE8}") = "tests", "tests", "{03EE3ED1-64E9-4263-97E8-6B1834D2D711}"
EndProject
Project("{FAE04EC0-301F-11D3-BF4B-00C04F79EFBC}") = "ProductionScheduler.Core", "ProductionScheduler.Core\ProductionScheduler.Core.csproj", "{DF187127-4A0E-46B7-AE2D-4773921A3DEC}"
EndProject
Project("{FAE04EC0-301F-11D3-BF4B-00C04F79EFBC}") = "ProductionScheduler.Application", "ProductionScheduler.Application\ProductionScheduler.Application.csproj", "{7D21DDFE-59A0-431C-B485-EB000F2D9ABA}"
	ProjectSection(ProjectDependencies) = postProject
		{DF187127-4A0E-46B7-AE2D-4773921A3DEC} = {DF187127-4A0E-46B7-AE2D-4773921A3DEC}
	EndProjectSection
EndProject
Global
	GlobalSection(SolutionConfigurationPlatforms) = preSolution
		Debug|Any CPU = Debug|Any CPU
		Release|Any CPU = Release|Any CPU
	EndGlobalSection
	GlobalSection(ProjectConfigurationPlatforms) = postSolution
		{5E530FD5-4B65-4704-BE49-8DF97450E773}.Debug|Any CPU.ActiveCfg = Debug|Any CPU
		{5E530FD5-4B65-4704-BE49-8DF97450E773}.Debug|Any CPU.Build.0 = Debug|Any CPU
		{5E530FD5-4B65-4704-BE49-8DF97450E773}.Release|Any CPU.ActiveCfg = Release|Any CPU
		{5E530FD5-4B65-4704-BE49-8DF97450E773}.Release|Any CPU.Build.0 = Release|Any CPU
		{CB962EDE-CE19-4814-8D6E-3B63E2018A01}.Debug|Any CPU.ActiveCfg = Debug|Any CPU
		{CB962EDE-CE19-4814-8D6E-3B63E2018A01}.Debug|Any CPU.Build.0 = Debug|Any CPU
		{CB962EDE-CE19-4814-8D6E-3B63E2018A01}.Release|Any CPU.ActiveCfg = Release|Any CPU
		{CB962EDE-CE19-4814-8D6E-3B63E2018A01}.Release|Any CPU.Build.0 = Release|Any CPU
		{DF187127-4A0E-46B7-AE2D-4773921A3DEC}.Debug|Any CPU.ActiveCfg = Debug|Any CPU
		{DF187127-4A0E-46B7-AE2D-4773921A3DEC}.Debug|Any CPU.Build.0 = Debug|Any CPU
		{DF187127-4A0E-46B7-AE2D-4773921A3DEC}.Release|Any CPU.ActiveCfg = Release|Any CPU
		{DF187127-4A0E-46B7-AE2D-4773921A3DEC}.Release|Any CPU.Build.0 = Release|Any CPU
		{7D21DDFE-59A0-431C-B485-EB000F2D9ABA}.Debug|Any CPU.ActiveCfg = Debug|Any CPU
		{7D21DDFE-59A0-431C-B485-EB000F2D9ABA}.Debug|Any CPU.Build.0 = Debug|Any CPU
		{7D21DDFE-59A0-431C-B485-EB000F2D9ABA}.Release|Any CPU.ActiveCfg = Release|Any CPU
		{7D21DDFE-59A0-431C-B485-EB000F2D9ABA}.Release|Any CPU.Build.0 = Release|Any CPU
	EndGlobalSection
	GlobalSection(SolutionProperties) = preSolution
		HideSolutionNode = FALSE
	EndGlobalSection
	GlobalSection(NestedProjects) = preSolution
		{5E530FD5-4B65-4704-BE49-8DF97450E773} = {30BD8D44-EDC9-4005-9689-185226DEE510}
		{CB962EDE-CE19-4814-8D6E-3B63E2018A01} = {03EE3ED1-64E9-4263-97E8-6B1834D2D711}
		{DF187127-4A0E-46B7-AE2D-4773921A3DEC} = {30BD8D44-EDC9-4005-9689-185226DEE510}
		{7D21DDFE-59A0-431C-B485-EB000F2D9ABA} = {30BD8D44-EDC9-4005-9689-185226DEE510}
	EndGlobalSection
	GlobalSection(ExtensibilityGlobals) = postSolution
		SolutionGuid = {B7ECFBC5-5A32-441A-83B3-CC2301F3833D}
	EndGlobalSection
EndGlobal
