
Microsoft Visual Studio Solution File, Format Version 12.00
# Visual Studio Version 17
VisualStudioVersion = 17.0.32112.339
MinimumVisualStudioVersion = 10.0.40219.1
Project("{2150E333-8FDC-42A3-9474-1A3956D46DE8}") = "src", "src", "{30BD8D44-EDC9-4005-9689-185226DEE510}"
EndProject
Project("{2150E333-8FDC-42A3-9474-1A3956D46DE8}") = "tests", "tests", "{03EE3ED1-64E9-4263-97E8-6B1834D2D711}"
EndProject
Project("{9A19103F-16F7-4668-BE54-9A1E7A4F7556}") = "ProductionScheduler.Core", "ProductionScheduler.Core\ProductionScheduler.Core.csproj", "{DF187127-4A0E-46B7-AE2D-4773921A3DEC}"
EndProject
Project("{9A19103F-16F7-4668-BE54-9A1E7A4F7556}") = "ProductionScheduler.Application", "ProductionScheduler.Application\ProductionScheduler.Application.csproj", "{7D21DDFE-59A0-431C-B485-EB000F2D9ABA}"
	ProjectSection(ProjectDependencies) = postProject
		{DF187127-4A0E-46B7-AE2D-4773921A3DEC} = {DF187127-4A0E-46B7-AE2D-4773921A3DEC}
	EndProjectSection
EndProject
Project("{9A19103F-16F7-4668-BE54-9A1E7A4F7556}") = "ProductionScheduler.Infrastructure", "ProductionScheduler.Infrastructure\ProductionScheduler.Infrastructure.csproj", "{7DDD6E10-8DCD-44B7-86CF-A6A94678E1D0}"
EndProject
Project("{9A19103F-16F7-4668-BE54-9A1E7A4F7556}") = "ProductionScheduler.Api", "ProductionScheduler.Api\ProductionScheduler.Api.csproj", "{F8C2C6F8-8D7B-4313-8BB9-148C0B241549}"
EndProject
Project("{9A19103F-16F7-4668-BE54-9A1E7A4F7556}") = "ProductionScheduler.Tests.Unit", "ProductionScheduler.Tests.Unit\ProductionScheduler.Tests.Unit.csproj", "{72B0D4C7-7D0C-49B7-B147-E99F3EC43C9A}"
EndProject
Global
	GlobalSection(SolutionConfigurationPlatforms) = preSolution
		Debug|Any CPU = Debug|Any CPU
		Release|Any CPU = Release|Any CPU
	EndGlobalSection
	GlobalSection(ProjectConfigurationPlatforms) = postSolution
		{DF187127-4A0E-46B7-AE2D-4773921A3DEC}.Debug|Any CPU.ActiveCfg = Debug|Any CPU
		{DF187127-4A0E-46B7-AE2D-4773921A3DEC}.Debug|Any CPU.Build.0 = Debug|Any CPU
		{DF187127-4A0E-46B7-AE2D-4773921A3DEC}.Release|Any CPU.ActiveCfg = Release|Any CPU
		{DF187127-4A0E-46B7-AE2D-4773921A3DEC}.Release|Any CPU.Build.0 = Release|Any CPU
		{7D21DDFE-59A0-431C-B485-EB000F2D9ABA}.Debug|Any CPU.ActiveCfg = Debug|Any CPU
		{7D21DDFE-59A0-431C-B485-EB000F2D9ABA}.Debug|Any CPU.Build.0 = Debug|Any CPU
		{7D21DDFE-59A0-431C-B485-EB000F2D9ABA}.Release|Any CPU.ActiveCfg = Release|Any CPU
		{7D21DDFE-59A0-431C-B485-EB000F2D9ABA}.Release|Any CPU.Build.0 = Release|Any CPU
		{7DDD6E10-8DCD-44B7-86CF-A6A94678E1D0}.Debug|Any CPU.ActiveCfg = Debug|Any CPU
		{7DDD6E10-8DCD-44B7-86CF-A6A94678E1D0}.Debug|Any CPU.Build.0 = Debug|Any CPU
		{7DDD6E10-8DCD-44B7-86CF-A6A94678E1D0}.Release|Any CPU.ActiveCfg = Release|Any CPU
		{7DDD6E10-8DCD-44B7-86CF-A6A94678E1D0}.Release|Any CPU.Build.0 = Release|Any CPU
		{F8C2C6F8-8D7B-4313-8BB9-148C0B241549}.Debug|Any CPU.ActiveCfg = Debug|Any CPU
		{F8C2C6F8-8D7B-4313-8BB9-148C0B241549}.Debug|Any CPU.Build.0 = Debug|Any CPU
		{F8C2C6F8-8D7B-4313-8BB9-148C0B241549}.Release|Any CPU.ActiveCfg = Release|Any CPU
		{F8C2C6F8-8D7B-4313-8BB9-148C0B241549}.Release|Any CPU.Build.0 = Release|Any CPU
		{72B0D4C7-7D0C-49B7-B147-E99F3EC43C9A}.Debug|Any CPU.ActiveCfg = Debug|Any CPU
		{72B0D4C7-7D0C-49B7-B147-E99F3EC43C9A}.Debug|Any CPU.Build.0 = Debug|Any CPU
		{72B0D4C7-7D0C-49B7-B147-E99F3EC43C9A}.Release|Any CPU.ActiveCfg = Release|Any CPU
		{72B0D4C7-7D0C-49B7-B147-E99F3EC43C9A}.Release|Any CPU.Build.0 = Release|Any CPU
	EndGlobalSection
	GlobalSection(SolutionProperties) = preSolution
		HideSolutionNode = FALSE
	EndGlobalSection
	GlobalSection(NestedProjects) = preSolution
		{DF187127-4A0E-46B7-AE2D-4773921A3DEC} = {30BD8D44-EDC9-4005-9689-185226DEE510}
		{7D21DDFE-59A0-431C-B485-EB000F2D9ABA} = {30BD8D44-EDC9-4005-9689-185226DEE510}
		{7DDD6E10-8DCD-44B7-86CF-A6A94678E1D0} = {30BD8D44-EDC9-4005-9689-185226DEE510}
		{F8C2C6F8-8D7B-4313-8BB9-148C0B241549} = {30BD8D44-EDC9-4005-9689-185226DEE510}
		{72B0D4C7-7D0C-49B7-B147-E99F3EC43C9A} = {03EE3ED1-64E9-4263-97E8-6B1834D2D711}
	EndGlobalSection
	GlobalSection(ExtensibilityGlobals) = postSolution
		SolutionGuid = {B7ECFBC5-5A32-441A-83B3-CC2301F3833D}
	EndGlobalSection
EndGlobal
